// !$*UTF8*$!
{
	archiveVersion = 1;
	classes = {
	};
	objectVersion = 46;
	objects = {

/* Begin PBXBuildFile section */
		0465A6B51BB4BAA8002A8F91 /* main.m in Sources */ = {isa = PBXBuildFile; fileRef = 0465A6B41BB4BAA8002A8F91 /* main.m */; };
		0465A6B81BB4BAA8002A8F91 /* AppDelegate.m in Sources */ = {isa = PBXBuildFile; fileRef = 0465A6B71BB4BAA8002A8F91 /* AppDelegate.m */; };
		0465A6C01BB4BAA8002A8F91 /* Images.xcassets in Resources */ = {isa = PBXBuildFile; fileRef = 0465A6BF1BB4BAA8002A8F91 /* Images.xcassets */; };
		0465A6C31BB4BAA8002A8F91 /* LaunchScreen.xib in Resources */ = {isa = PBXBuildFile; fileRef = 0465A6C11BB4BAA8002A8F91 /* LaunchScreen.xib */; };
		0465A6CF1BB4BAA8002A8F91 /* GuoKeTests.m in Sources */ = {isa = PBXBuildFile; fileRef = 0465A6CE1BB4BAA8002A8F91 /* GuoKeTests.m */; };
		0465A6F81BB5A9AE002A8F91 /* MMDrawerBarButtonItem.m in Sources */ = {isa = PBXBuildFile; fileRef = 0465A6EF1BB5A9AE002A8F91 /* MMDrawerBarButtonItem.m */; };
		0465A6F91BB5A9AE002A8F91 /* MMDrawerController.m in Sources */ = {isa = PBXBuildFile; fileRef = 0465A6F11BB5A9AE002A8F91 /* MMDrawerController.m */; };
		0465A6FA1BB5A9AE002A8F91 /* MMDrawerVisualState.m in Sources */ = {isa = PBXBuildFile; fileRef = 0465A6F31BB5A9AE002A8F91 /* MMDrawerVisualState.m */; };
		0465A6FB1BB5A9AE002A8F91 /* MMExampleDrawerVisualStateManager.m in Sources */ = {isa = PBXBuildFile; fileRef = 0465A6F51BB5A9AE002A8F91 /* MMExampleDrawerVisualStateManager.m */; };
		0465A6FC1BB5A9AE002A8F91 /* UIViewController+MMDrawerController.m in Sources */ = {isa = PBXBuildFile; fileRef = 0465A6F71BB5A9AE002A8F91 /* UIViewController+MMDrawerController.m */; };
		0465A6FF1BB5A9F0002A8F91 /* LeftViewController.m in Sources */ = {isa = PBXBuildFile; fileRef = 0465A6FE1BB5A9F0002A8F91 /* LeftViewController.m */; };
		0465A7061BB5B6B5002A8F91 /* HomeViewController.m in Sources */ = {isa = PBXBuildFile; fileRef = 0465A7051BB5B6B5002A8F91 /* HomeViewController.m */; };
		0465A70A1BB5B716002A8F91 /* GKCollectionViewCell.m in Sources */ = {isa = PBXBuildFile; fileRef = 0465A7081BB5B716002A8F91 /* GKCollectionViewCell.m */; };
		0465A70B1BB5B716002A8F91 /* GKCollectionViewCell.xib in Resources */ = {isa = PBXBuildFile; fileRef = 0465A7091BB5B716002A8F91 /* GKCollectionViewCell.xib */; };
		0465A70E1BB5B748002A8F91 /* GKCollectionViewFlowLayout.m in Sources */ = {isa = PBXBuildFile; fileRef = 0465A70D1BB5B748002A8F91 /* GKCollectionViewFlowLayout.m */; };
		0465A72E1BB5E167002A8F91 /* BaseViewController.m in Sources */ = {isa = PBXBuildFile; fileRef = 0465A72D1BB5E167002A8F91 /* BaseViewController.m */; };
		0465A7311BB5E353002A8F91 /* MyCommentViewController.m in Sources */ = {isa = PBXBuildFile; fileRef = 0465A7301BB5E353002A8F91 /* MyCommentViewController.m */; };
		0465A7351BB5E48C002A8F91 /* MySetViewController.m in Sources */ = {isa = PBXBuildFile; fileRef = 0465A7341BB5E48C002A8F91 /* MySetViewController.m */; };
		0465A7381BB5E54D002A8F91 /* MyStoreViewController.m in Sources */ = {isa = PBXBuildFile; fileRef = 0465A7371BB5E54D002A8F91 /* MyStoreViewController.m */; };
		0465A73C1BB5F52C002A8F91 /* UIViewExt.m in Sources */ = {isa = PBXBuildFile; fileRef = 0465A73B1BB5F52C002A8F91 /* UIViewExt.m */; };
		04FD92C61BB8E14E004E5F77 /* comment.png in Resources */ = {isa = PBXBuildFile; fileRef = 04FD92B31BB8E14E004E5F77 /* comment.png */; };
		04FD92C71BB8E14E004E5F77 /* show.png in Resources */ = {isa = PBXBuildFile; fileRef = 04FD92B41BB8E14E004E5F77 /* show.png */; };
		04FD92C81BB8E14E004E5F77 /* srcImage.png in Resources */ = {isa = PBXBuildFile; fileRef = 04FD92B51BB8E14E004E5F77 /* srcImage.png */; };
		04FD92C91BB8E14E004E5F77 /* time.png in Resources */ = {isa = PBXBuildFile; fileRef = 04FD92B61BB8E14E004E5F77 /* time.png */; };
		04FD92CA1BB8E14E004E5F77 /* 写字_看图王.png in Resources */ = {isa = PBXBuildFile; fileRef = 04FD92B71BB8E14E004E5F77 /* 写字_看图王.png */; };
		04FD92CB1BB8E14E004E5F77 /* 01.png in Resources */ = {isa = PBXBuildFile; fileRef = 04FD92B91BB8E14E004E5F77 /* 01.png */; };
		04FD92CC1BB8E14E004E5F77 /* 02.png in Resources */ = {isa = PBXBuildFile; fileRef = 04FD92BA1BB8E14E004E5F77 /* 02.png */; };
		04FD92CD1BB8E14E004E5F77 /* 03.png in Resources */ = {isa = PBXBuildFile; fileRef = 04FD92BB1BB8E14E004E5F77 /* 03.png */; };
		04FD92CE1BB8E14E004E5F77 /* 04.png in Resources */ = {isa = PBXBuildFile; fileRef = 04FD92BC1BB8E14E004E5F77 /* 04.png */; };
		04FD92CF1BB8E14E004E5F77 /* 0.png in Resources */ = {isa = PBXBuildFile; fileRef = 04FD92BD1BB8E14E004E5F77 /* 0.png */; };
		04FD92D01BB8E14E004E5F77 /* 黑色爱心_看图王(1).png in Resources */ = {isa = PBXBuildFile; fileRef = 04FD92BE1BB8E14E004E5F77 /* 黑色爱心_看图王(1).png */; };
		04FD92D11BB8E14E004E5F77 /* 11.png in Resources */ = {isa = PBXBuildFile; fileRef = 04FD92C01BB8E14E004E5F77 /* 11.png */; };
		04FD92D21BB8E14E004E5F77 /* 22.png in Resources */ = {isa = PBXBuildFile; fileRef = 04FD92C11BB8E14E004E5F77 /* 22.png */; };
		04FD92D31BB8E14E004E5F77 /* 绿色时钟.png in Resources */ = {isa = PBXBuildFile; fileRef = 04FD92C21BB8E14E004E5F77 /* 绿色时钟.png */; };
		04FD92D41BB8E14E004E5F77 /* 绿色眼睛_看图王.png in Resources */ = {isa = PBXBuildFile; fileRef = 04FD92C31BB8E14E004E5F77 /* 绿色眼睛_看图王.png */; };
		04FD92D51BB8E14E004E5F77 /* 转发_看图王.png in Resources */ = {isa = PBXBuildFile; fileRef = 04FD92C41BB8E14E004E5F77 /* 转发_看图王.png */; };
		04FD92D61BB8E14E004E5F77 /* 05.png in Resources */ = {isa = PBXBuildFile; fileRef = 04FD92C51BB8E14E004E5F77 /* 05.png */; };
/* End PBXBuildFile section */

/* Begin PBXContainerItemProxy section */
		0465A6C91BB4BAA8002A8F91 /* PBXContainerItemProxy */ = {
			isa = PBXContainerItemProxy;
			containerPortal = 0465A6A71BB4BAA8002A8F91 /* Project object */;
			proxyType = 1;
			remoteGlobalIDString = 0465A6AE1BB4BAA8002A8F91;
			remoteInfo = GuoKe;
		};
/* End PBXContainerItemProxy section */

/* Begin PBXFileReference section */
		0465A6AF1BB4BAA8002A8F91 /* GuoKe.app */ = {isa = PBXFileReference; explicitFileType = wrapper.application; includeInIndex = 0; path = GuoKe.app; sourceTree = BUILT_PRODUCTS_DIR; };
		0465A6B31BB4BAA8002A8F91 /* Info.plist */ = {isa = PBXFileReference; lastKnownFileType = text.plist.xml; path = Info.plist; sourceTree = "<group>"; };
		0465A6B41BB4BAA8002A8F91 /* main.m */ = {isa = PBXFileReference; lastKnownFileType = sourcecode.c.objc; path = main.m; sourceTree = "<group>"; };
		0465A6B61BB4BAA8002A8F91 /* AppDelegate.h */ = {isa = PBXFileReference; lastKnownFileType = sourcecode.c.h; path = AppDelegate.h; sourceTree = "<group>"; };
		0465A6B71BB4BAA8002A8F91 /* AppDelegate.m */ = {isa = PBXFileReference; lastKnownFileType = sourcecode.c.objc; path = AppDelegate.m; sourceTree = "<group>"; };
		0465A6BF1BB4BAA8002A8F91 /* Images.xcassets */ = {isa = PBXFileReference; lastKnownFileType = folder.assetcatalog; path = Images.xcassets; sourceTree = "<group>"; };
		0465A6C21BB4BAA8002A8F91 /* Base */ = {isa = PBXFileReference; lastKnownFileType = file.xib; name = Base; path = Base.lproj/LaunchScreen.xib; sourceTree = "<group>"; };
		0465A6C81BB4BAA8002A8F91 /* GuoKeTests.xctest */ = {isa = PBXFileReference; explicitFileType = wrapper.cfbundle; includeInIndex = 0; path = GuoKeTests.xctest; sourceTree = BUILT_PRODUCTS_DIR; };
		0465A6CD1BB4BAA8002A8F91 /* Info.plist */ = {isa = PBXFileReference; lastKnownFileType = text.plist.xml; path = Info.plist; sourceTree = "<group>"; };
		0465A6CE1BB4BAA8002A8F91 /* GuoKeTests.m */ = {isa = PBXFileReference; lastKnownFileType = sourcecode.c.objc; path = GuoKeTests.m; sourceTree = "<group>"; };
		0465A6EE1BB5A9AE002A8F91 /* MMDrawerBarButtonItem.h */ = {isa = PBXFileReference; fileEncoding = 4; lastKnownFileType = sourcecode.c.h; path = MMDrawerBarButtonItem.h; sourceTree = "<group>"; };
		0465A6EF1BB5A9AE002A8F91 /* MMDrawerBarButtonItem.m */ = {isa = PBXFileReference; fileEncoding = 4; lastKnownFileType = sourcecode.c.objc; path = MMDrawerBarButtonItem.m; sourceTree = "<group>"; };
		0465A6F01BB5A9AE002A8F91 /* MMDrawerController.h */ = {isa = PBXFileReference; fileEncoding = 4; lastKnownFileType = sourcecode.c.h; path = MMDrawerController.h; sourceTree = "<group>"; };
		0465A6F11BB5A9AE002A8F91 /* MMDrawerController.m */ = {isa = PBXFileReference; fileEncoding = 4; lastKnownFileType = sourcecode.c.objc; path = MMDrawerController.m; sourceTree = "<group>"; };
		0465A6F21BB5A9AE002A8F91 /* MMDrawerVisualState.h */ = {isa = PBXFileReference; fileEncoding = 4; lastKnownFileType = sourcecode.c.h; path = MMDrawerVisualState.h; sourceTree = "<group>"; };
		0465A6F31BB5A9AE002A8F91 /* MMDrawerVisualState.m */ = {isa = PBXFileReference; fileEncoding = 4; lastKnownFileType = sourcecode.c.objc; path = MMDrawerVisualState.m; sourceTree = "<group>"; };
		0465A6F41BB5A9AE002A8F91 /* MMExampleDrawerVisualStateManager.h */ = {isa = PBXFileReference; fileEncoding = 4; lastKnownFileType = sourcecode.c.h; path = MMExampleDrawerVisualStateManager.h; sourceTree = "<group>"; };
		0465A6F51BB5A9AE002A8F91 /* MMExampleDrawerVisualStateManager.m */ = {isa = PBXFileReference; fileEncoding = 4; lastKnownFileType = sourcecode.c.objc; path = MMExampleDrawerVisualStateManager.m; sourceTree = "<group>"; };
		0465A6F61BB5A9AE002A8F91 /* UIViewController+MMDrawerController.h */ = {isa = PBXFileReference; fileEncoding = 4; lastKnownFileType = sourcecode.c.h; path = "UIViewController+MMDrawerController.h"; sourceTree = "<group>"; };
		0465A6F71BB5A9AE002A8F91 /* UIViewController+MMDrawerController.m */ = {isa = PBXFileReference; fileEncoding = 4; lastKnownFileType = sourcecode.c.objc; path = "UIViewController+MMDrawerController.m"; sourceTree = "<group>"; };
		0465A6FD1BB5A9F0002A8F91 /* LeftViewController.h */ = {isa = PBXFileReference; fileEncoding = 4; lastKnownFileType = sourcecode.c.h; path = LeftViewController.h; sourceTree = "<group>"; };
		0465A6FE1BB5A9F0002A8F91 /* LeftViewController.m */ = {isa = PBXFileReference; fileEncoding = 4; lastKnownFileType = sourcecode.c.objc; path = LeftViewController.m; sourceTree = "<group>"; };
		0465A7041BB5B6B5002A8F91 /* HomeViewController.h */ = {isa = PBXFileReference; fileEncoding = 4; lastKnownFileType = sourcecode.c.h; path = HomeViewController.h; sourceTree = "<group>"; };
		0465A7051BB5B6B5002A8F91 /* HomeViewController.m */ = {isa = PBXFileReference; fileEncoding = 4; lastKnownFileType = sourcecode.c.objc; path = HomeViewController.m; sourceTree = "<group>"; };
		0465A7071BB5B716002A8F91 /* GKCollectionViewCell.h */ = {isa = PBXFileReference; fileEncoding = 4; lastKnownFileType = sourcecode.c.h; path = GKCollectionViewCell.h; sourceTree = "<group>"; };
		0465A7081BB5B716002A8F91 /* GKCollectionViewCell.m */ = {isa = PBXFileReference; fileEncoding = 4; lastKnownFileType = sourcecode.c.objc; path = GKCollectionViewCell.m; sourceTree = "<group>"; };
		0465A7091BB5B716002A8F91 /* GKCollectionViewCell.xib */ = {isa = PBXFileReference; fileEncoding = 4; lastKnownFileType = file.xib; path = GKCollectionViewCell.xib; sourceTree = "<group>"; };
		0465A70C1BB5B748002A8F91 /* GKCollectionViewFlowLayout.h */ = {isa = PBXFileReference; fileEncoding = 4; lastKnownFileType = sourcecode.c.h; path = GKCollectionViewFlowLayout.h; sourceTree = "<group>"; };
		0465A70D1BB5B748002A8F91 /* GKCollectionViewFlowLayout.m */ = {isa = PBXFileReference; fileEncoding = 4; lastKnownFileType = sourcecode.c.objc; path = GKCollectionViewFlowLayout.m; sourceTree = "<group>"; };
		0465A7131BB5C6BF002A8F91 /* GK.pch */ = {isa = PBXFileReference; lastKnownFileType = sourcecode.c.h; path = GK.pch; sourceTree = "<group>"; };
		0465A7141BB5C793002A8F91 /* Common.h */ = {isa = PBXFileReference; lastKnownFileType = sourcecode.c.h; path = Common.h; sourceTree = "<group>"; };
		0465A72C1BB5E167002A8F91 /* BaseViewController.h */ = {isa = PBXFileReference; fileEncoding = 4; lastKnownFileType = sourcecode.c.h; path = BaseViewController.h; sourceTree = "<group>"; };
		0465A72D1BB5E167002A8F91 /* BaseViewController.m */ = {isa = PBXFileReference; fileEncoding = 4; lastKnownFileType = sourcecode.c.objc; path = BaseViewController.m; sourceTree = "<group>"; };
		0465A72F1BB5E353002A8F91 /* MyCommentViewController.h */ = {isa = PBXFileReference; fileEncoding = 4; lastKnownFileType = sourcecode.c.h; name = MyCommentViewController.h; path = ../MyCommentViewController.h; sourceTree = "<group>"; };
		0465A7301BB5E353002A8F91 /* MyCommentViewController.m */ = {isa = PBXFileReference; fileEncoding = 4; lastKnownFileType = sourcecode.c.objc; name = MyCommentViewController.m; path = ../MyCommentViewController.m; sourceTree = "<group>"; };
		0465A7331BB5E48C002A8F91 /* MySetViewController.h */ = {isa = PBXFileReference; fileEncoding = 4; lastKnownFileType = sourcecode.c.h; path = MySetViewController.h; sourceTree = "<group>"; };
		0465A7341BB5E48C002A8F91 /* MySetViewController.m */ = {isa = PBXFileReference; fileEncoding = 4; lastKnownFileType = sourcecode.c.objc; path = MySetViewController.m; sourceTree = "<group>"; };
		0465A7361BB5E54D002A8F91 /* MyStoreViewController.h */ = {isa = PBXFileReference; fileEncoding = 4; lastKnownFileType = sourcecode.c.h; path = MyStoreViewController.h; sourceTree = "<group>"; };
		0465A7371BB5E54D002A8F91 /* MyStoreViewController.m */ = {isa = PBXFileReference; fileEncoding = 4; lastKnownFileType = sourcecode.c.objc; path = MyStoreViewController.m; sourceTree = "<group>"; };
		0465A73A1BB5F52C002A8F91 /* UIViewExt.h */ = {isa = PBXFileReference; fileEncoding = 4; lastKnownFileType = sourcecode.c.h; path = UIViewExt.h; sourceTree = "<group>"; };
		0465A73B1BB5F52C002A8F91 /* UIViewExt.m */ = {isa = PBXFileReference; fileEncoding = 4; lastKnownFileType = sourcecode.c.objc; path = UIViewExt.m; sourceTree = "<group>"; };
		04FD92B31BB8E14E004E5F77 /* comment.png */ = {isa = PBXFileReference; lastKnownFileType = image.png; path = comment.png; sourceTree = "<group>"; };
		04FD92B41BB8E14E004E5F77 /* show.png */ = {isa = PBXFileReference; lastKnownFileType = image.png; path = show.png; sourceTree = "<group>"; };
		04FD92B51BB8E14E004E5F77 /* srcImage.png */ = {isa = PBXFileReference; lastKnownFileType = image.png; path = srcImage.png; sourceTree = "<group>"; };
		04FD92B61BB8E14E004E5F77 /* time.png */ = {isa = PBXFileReference; lastKnownFileType = image.png; path = time.png; sourceTree = "<group>"; };
		04FD92B71BB8E14E004E5F77 /* 写字_看图王.png */ = {isa = PBXFileReference; lastKnownFileType = image.png; path = "写字_看图王.png"; sourceTree = "<group>"; };
		04FD92B91BB8E14E004E5F77 /* 01.png */ = {isa = PBXFileReference; lastKnownFileType = image.png; path = 01.png; sourceTree = "<group>"; };
		04FD92BA1BB8E14E004E5F77 /* 02.png */ = {isa = PBXFileReference; lastKnownFileType = image.png; path = 02.png; sourceTree = "<group>"; };
		04FD92BB1BB8E14E004E5F77 /* 03.png */ = {isa = PBXFileReference; lastKnownFileType = image.png; path = 03.png; sourceTree = "<group>"; };
		04FD92BC1BB8E14E004E5F77 /* 04.png */ = {isa = PBXFileReference; lastKnownFileType = image.png; path = 04.png; sourceTree = "<group>"; };
		04FD92BD1BB8E14E004E5F77 /* 0.png */ = {isa = PBXFileReference; lastKnownFileType = image.png; path = 0.png; sourceTree = "<group>"; };
		04FD92BE1BB8E14E004E5F77 /* 黑色爱心_看图王(1).png */ = {isa = PBXFileReference; lastKnownFileType = image.png; path = "黑色爱心_看图王(1).png"; sourceTree = "<group>"; };
		04FD92C01BB8E14E004E5F77 /* 11.png */ = {isa = PBXFileReference; lastKnownFileType = image.png; name = 11.png; path = "../收藏/11.png"; sourceTree = "<group>"; };
		04FD92C11BB8E14E004E5F77 /* 22.png */ = {isa = PBXFileReference; lastKnownFileType = image.png; name = 22.png; path = "../收藏/22.png"; sourceTree = "<group>"; };
		04FD92C21BB8E14E004E5F77 /* 绿色时钟.png */ = {isa = PBXFileReference; lastKnownFileType = image.png; path = "绿色时钟.png"; sourceTree = "<group>"; };
		04FD92C31BB8E14E004E5F77 /* 绿色眼睛_看图王.png */ = {isa = PBXFileReference; lastKnownFileType = image.png; path = "绿色眼睛_看图王.png"; sourceTree = "<group>"; };
		04FD92C41BB8E14E004E5F77 /* 转发_看图王.png */ = {isa = PBXFileReference; lastKnownFileType = image.png; path = "转发_看图王.png"; sourceTree = "<group>"; };
		04FD92C51BB8E14E004E5F77 /* 05.png */ = {isa = PBXFileReference; lastKnownFileType = image.png; name = 05.png; path = ../05.png; sourceTree = "<group>"; };
/* End PBXFileReference section */

/* Begin PBXFrameworksBuildPhase section */
		0465A6AC1BB4BAA8002A8F91 /* Frameworks */ = {
			isa = PBXFrameworksBuildPhase;
			buildActionMask = 2147483647;
			files = (
			);
			runOnlyForDeploymentPostprocessing = 0;
		};
		0465A6C51BB4BAA8002A8F91 /* Frameworks */ = {
			isa = PBXFrameworksBuildPhase;
			buildActionMask = 2147483647;
			files = (
			);
			runOnlyForDeploymentPostprocessing = 0;
		};
/* End PBXFrameworksBuildPhase section */

/* Begin PBXGroup section */
		0465A6A61BB4BAA8002A8F91 = {
			isa = PBXGroup;
			children = (
				0465A6B11BB4BAA8002A8F91 /* GuoKe */,
				0465A6CB1BB4BAA8002A8F91 /* GuoKeTests */,
				0465A6B01BB4BAA8002A8F91 /* Products */,
			);
			sourceTree = "<group>";
		};
		0465A6B01BB4BAA8002A8F91 /* Products */ = {
			isa = PBXGroup;
			children = (
				0465A6AF1BB4BAA8002A8F91 /* GuoKe.app */,
				0465A6C81BB4BAA8002A8F91 /* GuoKeTests.xctest */,
			);
			name = Products;
			sourceTree = "<group>";
		};
		0465A6B11BB4BAA8002A8F91 /* GuoKe */ = {
			isa = PBXGroup;
			children = (
				0465A7131BB5C6BF002A8F91 /* GK.pch */,
				0465A6B61BB4BAA8002A8F91 /* AppDelegate.h */,
				0465A6B71BB4BAA8002A8F91 /* AppDelegate.m */,
				0465A6DD1BB4BB1A002A8F91 /* Tools */,
				0465A6D91BB4BB13002A8F91 /* Base */,
				0465A71B1BB5E14B002A8F91 /* Left */,
				0465A6D81BB4BB13002A8F91 /* Main */,
				0465A6BF1BB4BAA8002A8F91 /* Images.xcassets */,
				04FD92B21BB8E14E004E5F77 /* 新建文件夹 */,
				0465A6C11BB4BAA8002A8F91 /* LaunchScreen.xib */,
				0465A6B21BB4BAA8002A8F91 /* Supporting Files */,
			);
			path = GuoKe;
			sourceTree = "<group>";
		};
		0465A6B21BB4BAA8002A8F91 /* Supporting Files */ = {
			isa = PBXGroup;
			children = (
				0465A6B31BB4BAA8002A8F91 /* Info.plist */,
				0465A6B41BB4BAA8002A8F91 /* main.m */,
			);
			name = "Supporting Files";
			sourceTree = "<group>";
		};
		0465A6CB1BB4BAA8002A8F91 /* GuoKeTests */ = {
			isa = PBXGroup;
			children = (
				0465A6CE1BB4BAA8002A8F91 /* GuoKeTests.m */,
				0465A6CC1BB4BAA8002A8F91 /* Supporting Files */,
			);
			path = GuoKeTests;
			sourceTree = "<group>";
		};
		0465A6CC1BB4BAA8002A8F91 /* Supporting Files */ = {
			isa = PBXGroup;
			children = (
				0465A6CD1BB4BAA8002A8F91 /* Info.plist */,
			);
			name = "Supporting Files";
			sourceTree = "<group>";
		};
		0465A6D81BB4BB13002A8F91 /* Main */ = {
			isa = PBXGroup;
			children = (
				0465A6DA1BB4BB13002A8F91 /* Controller */,
				0465A6DB1BB4BB13002A8F91 /* Model */,
				0465A6DC1BB4BB13002A8F91 /* View */,
			);
			path = Main;
			sourceTree = "<group>";
		};
		0465A6D91BB4BB13002A8F91 /* Base */ = {
			isa = PBXGroup;
			children = (
				0465A72C1BB5E167002A8F91 /* BaseViewController.h */,
				0465A72D1BB5E167002A8F91 /* BaseViewController.m */,
			);
			name = Base;
			path = Main/Base;
			sourceTree = "<group>";
		};
		0465A6DA1BB4BB13002A8F91 /* Controller */ = {
			isa = PBXGroup;
			children = (
				0465A6FD1BB5A9F0002A8F91 /* LeftViewController.h */,
				0465A6FE1BB5A9F0002A8F91 /* LeftViewController.m */,
				0465A7041BB5B6B5002A8F91 /* HomeViewController.h */,
				0465A7051BB5B6B5002A8F91 /* HomeViewController.m */,
				0465A70C1BB5B748002A8F91 /* GKCollectionViewFlowLayout.h */,
				0465A70D1BB5B748002A8F91 /* GKCollectionViewFlowLayout.m */,
			);
			path = Controller;
			sourceTree = "<group>";
		};
		0465A6DB1BB4BB13002A8F91 /* Model */ = {
			isa = PBXGroup;
			children = (
			);
			path = Model;
			sourceTree = "<group>";
		};
		0465A6DC1BB4BB13002A8F91 /* View */ = {
			isa = PBXGroup;
			children = (
				0465A7071BB5B716002A8F91 /* GKCollectionViewCell.h */,
				0465A7081BB5B716002A8F91 /* GKCollectionViewCell.m */,
				0465A7091BB5B716002A8F91 /* GKCollectionViewCell.xib */,
			);
			path = View;
			sourceTree = "<group>";
		};
		0465A6DD1BB4BB1A002A8F91 /* Tools */ = {
			isa = PBXGroup;
			children = (
				0465A6ED1BB5A9AE002A8F91 /* MMDrawerController */,
				0465A7391BB5F51E002A8F91 /* tools */,
				0465A7141BB5C793002A8F91 /* Common.h */,
			);
			path = Tools;
			sourceTree = "<group>";
		};
		0465A6ED1BB5A9AE002A8F91 /* MMDrawerController */ = {
			isa = PBXGroup;
			children = (
				0465A6EE1BB5A9AE002A8F91 /* MMDrawerBarButtonItem.h */,
				0465A6EF1BB5A9AE002A8F91 /* MMDrawerBarButtonItem.m */,
				0465A6F01BB5A9AE002A8F91 /* MMDrawerController.h */,
				0465A6F11BB5A9AE002A8F91 /* MMDrawerController.m */,
				0465A6F21BB5A9AE002A8F91 /* MMDrawerVisualState.h */,
				0465A6F31BB5A9AE002A8F91 /* MMDrawerVisualState.m */,
				0465A6F41BB5A9AE002A8F91 /* MMExampleDrawerVisualStateManager.h */,
				0465A6F51BB5A9AE002A8F91 /* MMExampleDrawerVisualStateManager.m */,
				0465A6F61BB5A9AE002A8F91 /* UIViewController+MMDrawerController.h */,
				0465A6F71BB5A9AE002A8F91 /* UIViewController+MMDrawerController.m */,
			);
			path = MMDrawerController;
			sourceTree = "<group>";
		};
		0465A71B1BB5E14B002A8F91 /* Left */ = {
			isa = PBXGroup;
			children = (
				0465A71C1BB5E14B002A8F91 /* MyComment */,
				0465A7241BB5E14B002A8F91 /* MySet */,
				0465A7281BB5E14B002A8F91 /* MyStore */,
			);
			path = Left;
			sourceTree = "<group>";
		};
		0465A71C1BB5E14B002A8F91 /* MyComment */ = {
			isa = PBXGroup;
			children = (
				0465A71D1BB5E14B002A8F91 /* Controller */,
				0465A71E1BB5E14B002A8F91 /* Model */,
				0465A71F1BB5E14B002A8F91 /* View */,
			);
			path = MyComment;
			sourceTree = "<group>";
		};
		0465A71D1BB5E14B002A8F91 /* Controller */ = {
			isa = PBXGroup;
			children = (
				0465A72F1BB5E353002A8F91 /* MyCommentViewController.h */,
				0465A7301BB5E353002A8F91 /* MyCommentViewController.m */,
			);
			path = Controller;
			sourceTree = "<group>";
		};
		0465A71E1BB5E14B002A8F91 /* Model */ = {
			isa = PBXGroup;
			children = (
			);
			path = Model;
			sourceTree = "<group>";
		};
		0465A71F1BB5E14B002A8F91 /* View */ = {
			isa = PBXGroup;
			children = (
			);
			path = View;
			sourceTree = "<group>";
		};
		0465A7241BB5E14B002A8F91 /* MySet */ = {
			isa = PBXGroup;
			children = (
				0465A7251BB5E14B002A8F91 /* Controller */,
				0465A7261BB5E14B002A8F91 /* Model */,
				0465A7271BB5E14B002A8F91 /* View */,
			);
			path = MySet;
			sourceTree = "<group>";
		};
		0465A7251BB5E14B002A8F91 /* Controller */ = {
			isa = PBXGroup;
			children = (
				0465A7331BB5E48C002A8F91 /* MySetViewController.h */,
				0465A7341BB5E48C002A8F91 /* MySetViewController.m */,
			);
			path = Controller;
			sourceTree = "<group>";
		};
		0465A7261BB5E14B002A8F91 /* Model */ = {
			isa = PBXGroup;
			children = (
			);
			path = Model;
			sourceTree = "<group>";
		};
		0465A7271BB5E14B002A8F91 /* View */ = {
			isa = PBXGroup;
			children = (
			);
			path = View;
			sourceTree = "<group>";
		};
		0465A7281BB5E14B002A8F91 /* MyStore */ = {
			isa = PBXGroup;
			children = (
				0465A7291BB5E14B002A8F91 /* Controller */,
				0465A72A1BB5E14B002A8F91 /* Model */,
				0465A72B1BB5E14B002A8F91 /* View */,
			);
			path = MyStore;
			sourceTree = "<group>";
		};
		0465A7291BB5E14B002A8F91 /* Controller */ = {
			isa = PBXGroup;
			children = (
				0465A7361BB5E54D002A8F91 /* MyStoreViewController.h */,
				0465A7371BB5E54D002A8F91 /* MyStoreViewController.m */,
			);
			path = Controller;
			sourceTree = "<group>";
		};
		0465A72A1BB5E14B002A8F91 /* Model */ = {
			isa = PBXGroup;
			children = (
			);
			path = Model;
			sourceTree = "<group>";
		};
		0465A72B1BB5E14B002A8F91 /* View */ = {
			isa = PBXGroup;
			children = (
			);
			path = View;
			sourceTree = "<group>";
		};
		0465A7391BB5F51E002A8F91 /* tools */ = {
			isa = PBXGroup;
			children = (
				0465A73A1BB5F52C002A8F91 /* UIViewExt.h */,
				0465A73B1BB5F52C002A8F91 /* UIViewExt.m */,
			);
			name = tools;
			sourceTree = "<group>";
		};
		04FD92B21BB8E14E004E5F77 /* 新建文件夹 */ = {
			isa = PBXGroup;
			children = (
				04FD92B31BB8E14E004E5F77 /* comment.png */,
				04FD92B41BB8E14E004E5F77 /* show.png */,
				04FD92B51BB8E14E004E5F77 /* srcImage.png */,
				04FD92B61BB8E14E004E5F77 /* time.png */,
				04FD92B71BB8E14E004E5F77 /* 写字_看图王.png */,
				04FD92B81BB8E14E004E5F77 /* 归档 */,
				04FD92C21BB8E14E004E5F77 /* 绿色时钟.png */,
				04FD92C31BB8E14E004E5F77 /* 绿色眼睛_看图王.png */,
				04FD92C41BB8E14E004E5F77 /* 转发_看图王.png */,
			);
			path = "新建文件夹";
			sourceTree = "<group>";
		};
		04FD92B81BB8E14E004E5F77 /* 归档 */ = {
			isa = PBXGroup;
			children = (
				04FD92BD1BB8E14E004E5F77 /* 0.png */,
				04FD92B91BB8E14E004E5F77 /* 01.png */,
				04FD92BA1BB8E14E004E5F77 /* 02.png */,
				04FD92BB1BB8E14E004E5F77 /* 03.png */,
				04FD92BC1BB8E14E004E5F77 /* 04.png */,
				04FD92C51BB8E14E004E5F77 /* 05.png */,
				04FD92C01BB8E14E004E5F77 /* 11.png */,
				04FD92C11BB8E14E004E5F77 /* 22.png */,
				04FD92BE1BB8E14E004E5F77 /* 黑色爱心_看图王(1).png */,
			);
			path = "归档";
			sourceTree = "<group>";
		};
/* End PBXGroup section */

/* Begin PBXNativeTarget section */
		0465A6AE1BB4BAA8002A8F91 /* GuoKe */ = {
			isa = PBXNativeTarget;
			buildConfigurationList = 0465A6D21BB4BAA8002A8F91 /* Build configuration list for PBXNativeTarget "GuoKe" */;
			buildPhases = (
				0465A6AB1BB4BAA8002A8F91 /* Sources */,
				0465A6AC1BB4BAA8002A8F91 /* Frameworks */,
				0465A6AD1BB4BAA8002A8F91 /* Resources */,
			);
			buildRules = (
			);
			dependencies = (
			);
			name = GuoKe;
			productName = GuoKe;
			productReference = 0465A6AF1BB4BAA8002A8F91 /* GuoKe.app */;
			productType = "com.apple.product-type.application";
		};
		0465A6C71BB4BAA8002A8F91 /* GuoKeTests */ = {
			isa = PBXNativeTarget;
			buildConfigurationList = 0465A6D51BB4BAA8002A8F91 /* Build configuration list for PBXNativeTarget "GuoKeTests" */;
			buildPhases = (
				0465A6C41BB4BAA8002A8F91 /* Sources */,
				0465A6C51BB4BAA8002A8F91 /* Frameworks */,
				0465A6C61BB4BAA8002A8F91 /* Resources */,
			);
			buildRules = (
			);
			dependencies = (
				0465A6CA1BB4BAA8002A8F91 /* PBXTargetDependency */,
			);
			name = GuoKeTests;
			productName = GuoKeTests;
			productReference = 0465A6C81BB4BAA8002A8F91 /* GuoKeTests.xctest */;
			productType = "com.apple.product-type.bundle.unit-test";
		};
/* End PBXNativeTarget section */

/* Begin PBXProject section */
		0465A6A71BB4BAA8002A8F91 /* Project object */ = {
			isa = PBXProject;
			attributes = {
				LastUpgradeCheck = 0640;
				ORGANIZATIONNAME = dzk;
				TargetAttributes = {
					0465A6AE1BB4BAA8002A8F91 = {
						CreatedOnToolsVersion = 6.4;
					};
					0465A6C71BB4BAA8002A8F91 = {
						CreatedOnToolsVersion = 6.4;
						TestTargetID = 0465A6AE1BB4BAA8002A8F91;
					};
				};
			};
			buildConfigurationList = 0465A6AA1BB4BAA8002A8F91 /* Build configuration list for PBXProject "GuoKe" */;
			compatibilityVersion = "Xcode 3.2";
			developmentRegion = English;
			hasScannedForEncodings = 0;
			knownRegions = (
				en,
				Base,
			);
			mainGroup = 0465A6A61BB4BAA8002A8F91;
			productRefGroup = 0465A6B01BB4BAA8002A8F91 /* Products */;
			projectDirPath = "";
			projectRoot = "";
			targets = (
				0465A6AE1BB4BAA8002A8F91 /* GuoKe */,
				0465A6C71BB4BAA8002A8F91 /* GuoKeTests */,
			);
		};
/* End PBXProject section */

/* Begin PBXResourcesBuildPhase section */
		0465A6AD1BB4BAA8002A8F91 /* Resources */ = {
			isa = PBXResourcesBuildPhase;
			buildActionMask = 2147483647;
			files = (
				04FD92D11BB8E14E004E5F77 /* 11.png in Resources */,
				04FD92CE1BB8E14E004E5F77 /* 04.png in Resources */,
				04FD92D41BB8E14E004E5F77 /* 绿色眼睛_看图王.png in Resources */,
				04FD92CD1BB8E14E004E5F77 /* 03.png in Resources */,
				04FD92CB1BB8E14E004E5F77 /* 01.png in Resources */,
				04FD92CA1BB8E14E004E5F77 /* 写字_看图王.png in Resources */,
				04FD92D31BB8E14E004E5F77 /* 绿色时钟.png in Resources */,
				04FD92D51BB8E14E004E5F77 /* 转发_看图王.png in Resources */,
				04FD92D61BB8E14E004E5F77 /* 05.png in Resources */,
				04FD92CC1BB8E14E004E5F77 /* 02.png in Resources */,
				0465A6C31BB4BAA8002A8F91 /* LaunchScreen.xib in Resources */,
				04FD92D01BB8E14E004E5F77 /* 黑色爱心_看图王(1).png in Resources */,
				04FD92C71BB8E14E004E5F77 /* show.png in Resources */,
				04FD92C61BB8E14E004E5F77 /* comment.png in Resources */,
				0465A70B1BB5B716002A8F91 /* GKCollectionViewCell.xib in Resources */,
				04FD92C81BB8E14E004E5F77 /* srcImage.png in Resources */,
				04FD92C91BB8E14E004E5F77 /* time.png in Resources */,
				04FD92CF1BB8E14E004E5F77 /* 0.png in Resources */,
				0465A6C01BB4BAA8002A8F91 /* Images.xcassets in Resources */,
				04FD92D21BB8E14E004E5F77 /* 22.png in Resources */,
			);
			runOnlyForDeploymentPostprocessing = 0;
		};
		0465A6C61BB4BAA8002A8F91 /* Resources */ = {
			isa = PBXResourcesBuildPhase;
			buildActionMask = 2147483647;
			files = (
			);
			runOnlyForDeploymentPostprocessing = 0;
		};
/* End PBXResourcesBuildPhase section */

/* Begin PBXSourcesBuildPhase section */
		0465A6AB1BB4BAA8002A8F91 /* Sources */ = {
			isa = PBXSourcesBuildPhase;
			buildActionMask = 2147483647;
			files = (
				0465A73C1BB5F52C002A8F91 /* UIViewExt.m in Sources */,
				0465A6FC1BB5A9AE002A8F91 /* UIViewController+MMDrawerController.m in Sources */,
				0465A72E1BB5E167002A8F91 /* BaseViewController.m in Sources */,
				0465A7311BB5E353002A8F91 /* MyCommentViewController.m in Sources */,
				0465A6F91BB5A9AE002A8F91 /* MMDrawerController.m in Sources */,
				0465A6FA1BB5A9AE002A8F91 /* MMDrawerVisualState.m in Sources */,
				0465A70E1BB5B748002A8F91 /* GKCollectionViewFlowLayout.m in Sources */,
				0465A6B81BB4BAA8002A8F91 /* AppDelegate.m in Sources */,
				0465A70A1BB5B716002A8F91 /* GKCollectionViewCell.m in Sources */,
				0465A6B51BB4BAA8002A8F91 /* main.m in Sources */,
				0465A6FF1BB5A9F0002A8F91 /* LeftViewController.m in Sources */,
				0465A6F81BB5A9AE002A8F91 /* MMDrawerBarButtonItem.m in Sources */,
				0465A7381BB5E54D002A8F91 /* MyStoreViewController.m in Sources */,
				0465A6FB1BB5A9AE002A8F91 /* MMExampleDrawerVisualStateManager.m in Sources */,
				0465A7061BB5B6B5002A8F91 /* HomeViewController.m in Sources */,
				0465A7351BB5E48C002A8F91 /* MySetViewController.m in Sources */,
			);
			runOnlyForDeploymentPostprocessing = 0;
		};
		0465A6C41BB4BAA8002A8F91 /* Sources */ = {
			isa = PBXSourcesBuildPhase;
			buildActionMask = 2147483647;
			files = (
				0465A6CF1BB4BAA8002A8F91 /* GuoKeTests.m in Sources */,
			);
			runOnlyForDeploymentPostprocessing = 0;
		};
/* End PBXSourcesBuildPhase section */

/* Begin PBXTargetDependency section */
		0465A6CA1BB4BAA8002A8F91 /* PBXTargetDependency */ = {
			isa = PBXTargetDependency;
			target = 0465A6AE1BB4BAA8002A8F91 /* GuoKe */;
			targetProxy = 0465A6C91BB4BAA8002A8F91 /* PBXContainerItemProxy */;
		};
/* End PBXTargetDependency section */

/* Begin PBXVariantGroup section */
		0465A6C11BB4BAA8002A8F91 /* LaunchScreen.xib */ = {
			isa = PBXVariantGroup;
			children = (
				0465A6C21BB4BAA8002A8F91 /* Base */,
			);
			name = LaunchScreen.xib;
			sourceTree = "<group>";
		};
/* End PBXVariantGroup section */

/* Begin XCBuildConfiguration section */
		0465A6D01BB4BAA8002A8F91 /* Debug */ = {
			isa = XCBuildConfiguration;
			buildSettings = {
				ALWAYS_SEARCH_USER_PATHS = NO;
				CLANG_CXX_LANGUAGE_STANDARD = "gnu++0x";
				CLANG_CXX_LIBRARY = "libc++";
				CLANG_ENABLE_MODULES = YES;
				CLANG_ENABLE_OBJC_ARC = YES;
				CLANG_WARN_BOOL_CONVERSION = YES;
				CLANG_WARN_CONSTANT_CONVERSION = YES;
				CLANG_WARN_DIRECT_OBJC_ISA_USAGE = YES_ERROR;
				CLANG_WARN_EMPTY_BODY = YES;
				CLANG_WARN_ENUM_CONVERSION = YES;
				CLANG_WARN_INT_CONVERSION = YES;
				CLANG_WARN_OBJC_ROOT_CLASS = YES_ERROR;
				CLANG_WARN_UNREACHABLE_CODE = YES;
				CLANG_WARN__DUPLICATE_METHOD_MATCH = YES;
				"CODE_SIGN_IDENTITY[sdk=iphoneos*]" = "iPhone Developer";
				COPY_PHASE_STRIP = NO;
				DEBUG_INFORMATION_FORMAT = "dwarf-with-dsym";
				ENABLE_STRICT_OBJC_MSGSEND = YES;
				GCC_C_LANGUAGE_STANDARD = gnu99;
				GCC_DYNAMIC_NO_PIC = NO;
				GCC_NO_COMMON_BLOCKS = YES;
				GCC_OPTIMIZATION_LEVEL = 0;
				GCC_PREPROCESSOR_DEFINITIONS = (
					"DEBUG=1",
					"$(inherited)",
				);
				GCC_SYMBOLS_PRIVATE_EXTERN = NO;
				GCC_WARN_64_TO_32_BIT_CONVERSION = YES;
				GCC_WARN_ABOUT_RETURN_TYPE = YES_ERROR;
				GCC_WARN_UNDECLARED_SELECTOR = YES;
				GCC_WARN_UNINITIALIZED_AUTOS = YES_AGGRESSIVE;
				GCC_WARN_UNUSED_FUNCTION = YES;
				GCC_WARN_UNUSED_VARIABLE = YES;
				IPHONEOS_DEPLOYMENT_TARGET = 8.4;
				MTL_ENABLE_DEBUG_INFO = YES;
				ONLY_ACTIVE_ARCH = YES;
				SDKROOT = iphoneos;
				TARGETED_DEVICE_FAMILY = "1,2";
			};
			name = Debug;
		};
		0465A6D11BB4BAA8002A8F91 /* Release */ = {
			isa = XCBuildConfiguration;
			buildSettings = {
				ALWAYS_SEARCH_USER_PATHS = NO;
				CLANG_CXX_LANGUAGE_STANDARD = "gnu++0x";
				CLANG_CXX_LIBRARY = "libc++";
				CLANG_ENABLE_MODULES = YES;
				CLANG_ENABLE_OBJC_ARC = YES;
				CLANG_WARN_BOOL_CONVERSION = YES;
				CLANG_WARN_CONSTANT_CONVERSION = YES;
				CLANG_WARN_DIRECT_OBJC_ISA_USAGE = YES_ERROR;
				CLANG_WARN_EMPTY_BODY = YES;
				CLANG_WARN_ENUM_CONVERSION = YES;
				CLANG_WARN_INT_CONVERSION = YES;
				CLANG_WARN_OBJC_ROOT_CLASS = YES_ERROR;
				CLANG_WARN_UNREACHABLE_CODE = YES;
				CLANG_WARN__DUPLICATE_METHOD_MATCH = YES;
				"CODE_SIGN_IDENTITY[sdk=iphoneos*]" = "iPhone Developer";
				COPY_PHASE_STRIP = NO;
				DEBUG_INFORMATION_FORMAT = "dwarf-with-dsym";
				ENABLE_NS_ASSERTIONS = NO;
				ENABLE_STRICT_OBJC_MSGSEND = YES;
				GCC_C_LANGUAGE_STANDARD = gnu99;
				GCC_NO_COMMON_BLOCKS = YES;
				GCC_WARN_64_TO_32_BIT_CONVERSION = YES;
				GCC_WARN_ABOUT_RETURN_TYPE = YES_ERROR;
				GCC_WARN_UNDECLARED_SELECTOR = YES;
				GCC_WARN_UNINITIALIZED_AUTOS = YES_AGGRESSIVE;
				GCC_WARN_UNUSED_FUNCTION = YES;
				GCC_WARN_UNUSED_VARIABLE = YES;
				IPHONEOS_DEPLOYMENT_TARGET = 8.4;
				MTL_ENABLE_DEBUG_INFO = NO;
				SDKROOT = iphoneos;
				TARGETED_DEVICE_FAMILY = "1,2";
				VALIDATE_PRODUCT = YES;
			};
			name = Release;
		};
		0465A6D31BB4BAA8002A8F91 /* Debug */ = {
			isa = XCBuildConfiguration;
			buildSettings = {
				ASSETCATALOG_COMPILER_APPICON_NAME = AppIcon;
				GCC_PRECOMPILE_PREFIX_HEADER = YES;
				GCC_PREFIX_HEADER = "$(SRCROOT)/GuoKe/GK.pch";
				INFOPLIST_FILE = GuoKe/Info.plist;
				LD_RUNPATH_SEARCH_PATHS = "$(inherited) @executable_path/Frameworks";
				PRODUCT_NAME = "$(TARGET_NAME)";
			};
			name = Debug;
		};
		0465A6D41BB4BAA8002A8F91 /* Release */ = {
			isa = XCBuildConfiguration;
			buildSettings = {
				ASSETCATALOG_COMPILER_APPICON_NAME = AppIcon;
				GCC_PRECOMPILE_PREFIX_HEADER = YES;
				GCC_PREFIX_HEADER = "$(SRCROOT)/GuoKe/GK.pch";
				INFOPLIST_FILE = GuoKe/Info.plist;
				LD_RUNPATH_SEARCH_PATHS = "$(inherited) @executable_path/Frameworks";
				PRODUCT_NAME = "$(TARGET_NAME)";
			};
			name = Release;
		};
		0465A6D61BB4BAA8002A8F91 /* Debug */ = {
			isa = XCBuildConfiguration;
			buildSettings = {
				BUNDLE_LOADER = "$(TEST_HOST)";
				FRAMEWORK_SEARCH_PATHS = (
					"$(SDKROOT)/Developer/Library/Frameworks",
					"$(inherited)",
				);
				GCC_PREPROCESSOR_DEFINITIONS = (
					"DEBUG=1",
					"$(inherited)",
				);
				INFOPLIST_FILE = GuoKeTests/Info.plist;
				LD_RUNPATH_SEARCH_PATHS = "$(inherited) @executable_path/Frameworks @loader_path/Frameworks";
				PRODUCT_NAME = "$(TARGET_NAME)";
				TEST_HOST = "$(BUILT_PRODUCTS_DIR)/GuoKe.app/GuoKe";
			};
			name = Debug;
		};
		0465A6D71BB4BAA8002A8F91 /* Release */ = {
			isa = XCBuildConfiguration;
			buildSettings = {
				BUNDLE_LOADER = "$(TEST_HOST)";
				FRAMEWORK_SEARCH_PATHS = (
					"$(SDKROOT)/Developer/Library/Frameworks",
					"$(inherited)",
				);
				INFOPLIST_FILE = GuoKeTests/Info.plist;
				LD_RUNPATH_SEARCH_PATHS = "$(inherited) @executable_path/Frameworks @loader_path/Frameworks";
				PRODUCT_NAME = "$(TARGET_NAME)";
				TEST_HOST = "$(BUILT_PRODUCTS_DIR)/GuoKe.app/GuoKe";
			};
			name = Release;
		};
/* End XCBuildConfiguration section */

/* Begin XCConfigurationList section */
		0465A6AA1BB4BAA8002A8F91 /* Build configuration list for PBXProject "GuoKe" */ = {
			isa = XCConfigurationList;
			buildConfigurations = (
				0465A6D01BB4BAA8002A8F91 /* Debug */,
				0465A6D11BB4BAA8002A8F91 /* Release */,
			);
			defaultConfigurationIsVisible = 0;
			defaultConfigurationName = Release;
		};
		0465A6D21BB4BAA8002A8F91 /* Build configuration list for PBXNativeTarget "GuoKe" */ = {
			isa = XCConfigurationList;
			buildConfigurations = (
				0465A6D31BB4BAA8002A8F91 /* Debug */,
				0465A6D41BB4BAA8002A8F91 /* Release */,
			);
			defaultConfigurationIsVisible = 0;
			defaultConfigurationName = Release;
		};
		0465A6D51BB4BAA8002A8F91 /* Build configuration list for PBXNativeTarget "GuoKeTests" */ = {
			isa = XCConfigurationList;
			buildConfigurations = (
				0465A6D61BB4BAA8002A8F91 /* Debug */,
				0465A6D71BB4BAA8002A8F91 /* Release */,
			);
			defaultConfigurationIsVisible = 0;
			defaultConfigurationName = Release;
		};
/* End XCConfigurationList section */
	};
	rootObject = 0465A6A71BB4BAA8002A8F91 /* Project object */;
}
